name: Update Dependencies

on:
  workflow_dispatch: # allows manual triggering
  schedule:
    - cron: "0 0 * * 0" # runs weekly on Sunday at 00:00

jobs:
  lockfile:
    runs-on: [self-hosted]
    steps:
      - uses: actions/checkout@cd7d8d697e10461458bc61a30d094dc601a8b017 # pin@main
        with:
          token: ${{ secrets.GH_TOKEN_FOR_UPDATES }}
          ref: next
      - name: Run flake update
        run: nix flake update
      - name: Run nvfetcher
        run: nvfetcher -k $NVFETCHER_KEYFILE
      - name: Commit and push
        run: |
          git config user.email '41898282+github-actions[bot]@users.noreply.github.com'
          git config user.name "github-actions[bot]"
          git add -A
          git commit -am "build: update inputs" --allow-empty
          git push
